# This file is @generated by PDM.
# It is not intended for manual editing.

[metadata]
groups = ["default", "dev"]
strategy = ["cross_platform", "inherit_metadata"]
lock_version = "4.4.2"
content_hash = "sha256:dc34081dbe36bd49bc7295bec24466c7f9d51af9bb7fc5e60ab3bfc356da4a1c"

[[package]]
name = "about-time"
version = "4.2.1"
requires_python = ">=3.7, <4"
summary = "Easily measure timing and throughput of code blocks, with beautiful human friendly representations."
groups = ["default"]
files = [
    {file = "about-time-4.2.1.tar.gz", hash = "sha256:6a538862d33ce67d997429d14998310e1dbfda6cb7d9bbfbf799c4709847fece"},
    {file = "about_time-4.2.1-py3-none-any.whl", hash = "sha256:8bbf4c75fe13cbd3d72f49a03b02c5c7dca32169b6d49117c257e7eb3eaee341"},
]

[[package]]
name = "alive-progress"
version = "3.1.4"
requires_python = ">=3.7, <4"
summary = "A new kind of Progress Bar, with real-time throughput, ETA, and very cool animations!"
groups = ["default"]
dependencies = [
    "about-time==4.2.1",
    "grapheme==0.6.0",
]
files = [
    {file = "alive-progress-3.1.4.tar.gz", hash = "sha256:74a95d8d0d42bc99d3a3725dbd06ebb852245f1b64e301a7c375b92b22663f7b"},
    {file = "alive_progress-3.1.4-py3-none-any.whl", hash = "sha256:c80ad87ce9c1054b01135a87fae69ecebbfc2107497ae87cbe6aec7e534903db"},
]

[[package]]
name = "click"
version = "8.1.7"
requires_python = ">=3.7"
summary = "Composable command line interface toolkit"
groups = ["default"]
dependencies = [
    "colorama; platform_system == \"Windows\"",
]
files = [
    {file = "click-8.1.7-py3-none-any.whl", hash = "sha256:ae74fb96c20a0277a1d615f1e4d73c8414f5a98db8b799a7931d1582f3390c28"},
    {file = "click-8.1.7.tar.gz", hash = "sha256:ca9853ad459e787e2192211578cc907e7594e294c7ccc834310722b41b9ca6de"},
]

[[package]]
name = "colorama"
version = "0.4.6"
requires_python = "!=3.0.*,!=3.1.*,!=3.2.*,!=3.3.*,!=3.4.*,!=3.5.*,!=3.6.*,>=2.7"
summary = "Cross-platform colored terminal text."
groups = ["default"]
marker = "sys_platform == \"win32\" or platform_system == \"Windows\""
files = [
    {file = "colorama-0.4.6-py2.py3-none-any.whl", hash = "sha256:4f1d9991f5acc0ca119f9d443620b77f9d6b33703e51011c16baf57afb285fc6"},
    {file = "colorama-0.4.6.tar.gz", hash = "sha256:08695f5cb7ed6e0531a20572697297273c47b8cae5a63ffc6d6ed5c201be6e44"},
]

[[package]]
name = "grapheme"
version = "0.6.0"
summary = "Unicode grapheme helpers"
groups = ["default"]
files = [
    {file = "grapheme-0.6.0.tar.gz", hash = "sha256:44c2b9f21bbe77cfb05835fec230bd435954275267fea1858013b102f8603cca"},
]

[[package]]
name = "loguru"
version = "0.7.2"
requires_python = ">=3.5"
summary = "Python logging made (stupidly) simple"
groups = ["default"]
dependencies = [
    "colorama>=0.3.4; sys_platform == \"win32\"",
    "win32-setctime>=1.0.0; sys_platform == \"win32\"",
]
files = [
    {file = "loguru-0.7.2-py3-none-any.whl", hash = "sha256:003d71e3d3ed35f0f8984898359d65b79e5b21943f78af86aa5491210429b8eb"},
    {file = "loguru-0.7.2.tar.gz", hash = "sha256:e671a53522515f34fd406340ee968cb9ecafbc4b36c679da03c18fd8d0bd51ac"},
]

[[package]]
name = "markdown-it-py"
version = "3.0.0"
requires_python = ">=3.8"
summary = "Python port of markdown-it. Markdown parsing, done right!"
groups = ["default"]
dependencies = [
    "mdurl~=0.1",
]
files = [
    {file = "markdown-it-py-3.0.0.tar.gz", hash = "sha256:e3f60a94fa066dc52ec76661e37c851cb232d92f9886b15cb560aaada2df8feb"},
    {file = "markdown_it_py-3.0.0-py3-none-any.whl", hash = "sha256:355216845c60bd96232cd8d8c40e8f9765cc86f46880e43a8fd22dc1a1a8cab1"},
]

[[package]]
name = "mdurl"
version = "0.1.2"
requires_python = ">=3.7"
summary = "Markdown URL utilities"
groups = ["default"]
files = [
    {file = "mdurl-0.1.2-py3-none-any.whl", hash = "sha256:84008a41e51615a49fc9966191ff91509e3c40b939176e643fd50a5c2196b8f8"},
    {file = "mdurl-0.1.2.tar.gz", hash = "sha256:bb413d29f5eea38f31dd4754dd7377d4465116fb207585f97bf925588687c1ba"},
]

[[package]]
name = "pygments"
version = "2.18.0"
requires_python = ">=3.8"
summary = "Pygments is a syntax highlighting package written in Python."
groups = ["default"]
files = [
    {file = "pygments-2.18.0-py3-none-any.whl", hash = "sha256:b8e6aca0523f3ab76fee51799c488e38782ac06eafcf95e7ba832985c8e7b13a"},
    {file = "pygments-2.18.0.tar.gz", hash = "sha256:786ff802f32e91311bff3889f6e9a86e81505fe99f2735bb6d60ae0c5004f199"},
]

[[package]]
name = "rich"
version = "13.7.1"
requires_python = ">=3.7.0"
summary = "Render rich text, tables, progress bars, syntax highlighting, markdown and more to the terminal"
groups = ["default"]
dependencies = [
    "markdown-it-py>=2.2.0",
    "pygments<3.0.0,>=2.13.0",
]
files = [
    {file = "rich-13.7.1-py3-none-any.whl", hash = "sha256:4edbae314f59eb482f54e9e30bf00d33350aaa94f4bfcd4e9e3110e64d0d7222"},
    {file = "rich-13.7.1.tar.gz", hash = "sha256:9be308cb1fe2f1f57d67ce99e95af38a1e2bc71ad9813b0e247cf7ffbcc3a432"},
]

[[package]]
name = "ruff"
version = "0.5.1"
requires_python = ">=3.7"
summary = "An extremely fast Python linter and code formatter, written in Rust."
groups = ["dev"]
files = [
    {file = "ruff-0.5.1-py3-none-linux_armv6l.whl", hash = "sha256:6ecf968fcf94d942d42b700af18ede94b07521bd188aaf2cd7bc898dd8cb63b6"},
    {file = "ruff-0.5.1-py3-none-macosx_10_12_x86_64.whl", hash = "sha256:204fb0a472f00f2e6280a7c8c7c066e11e20e23a37557d63045bf27a616ba61c"},
    {file = "ruff-0.5.1-py3-none-macosx_11_0_arm64.whl", hash = "sha256:d235968460e8758d1e1297e1de59a38d94102f60cafb4d5382033c324404ee9d"},
    {file = "ruff-0.5.1-py3-none-manylinux_2_17_aarch64.manylinux2014_aarch64.whl", hash = "sha256:38beace10b8d5f9b6bdc91619310af6d63dd2019f3fb2d17a2da26360d7962fa"},
    {file = "ruff-0.5.1-py3-none-manylinux_2_17_armv7l.manylinux2014_armv7l.whl", hash = "sha256:5e478d2f09cf06add143cf8c4540ef77b6599191e0c50ed976582f06e588c994"},
    {file = "ruff-0.5.1-py3-none-manylinux_2_17_i686.manylinux2014_i686.whl", hash = "sha256:f0368d765eec8247b8550251c49ebb20554cc4e812f383ff9f5bf0d5d94190b0"},
    {file = "ruff-0.5.1-py3-none-manylinux_2_17_ppc64.manylinux2014_ppc64.whl", hash = "sha256:3a9a9a1b582e37669b0138b7c1d9d60b9edac880b80eb2baba6d0e566bdeca4d"},
    {file = "ruff-0.5.1-py3-none-manylinux_2_17_ppc64le.manylinux2014_ppc64le.whl", hash = "sha256:bdd9f723e16003623423affabcc0a807a66552ee6a29f90eddad87a40c750b78"},
    {file = "ruff-0.5.1-py3-none-manylinux_2_17_s390x.manylinux2014_s390x.whl", hash = "sha256:be9fd62c1e99539da05fcdc1e90d20f74aec1b7a1613463ed77870057cd6bd96"},
    {file = "ruff-0.5.1-py3-none-manylinux_2_17_x86_64.manylinux2014_x86_64.whl", hash = "sha256:e216fc75a80ea1fbd96af94a6233d90190d5b65cc3d5dfacf2bd48c3e067d3e1"},
    {file = "ruff-0.5.1-py3-none-musllinux_1_2_aarch64.whl", hash = "sha256:c4c2112e9883a40967827d5c24803525145e7dab315497fae149764979ac7929"},
    {file = "ruff-0.5.1-py3-none-musllinux_1_2_armv7l.whl", hash = "sha256:dfaf11c8a116394da3b65cd4b36de30d8552fa45b8119b9ef5ca6638ab964fa3"},
    {file = "ruff-0.5.1-py3-none-musllinux_1_2_i686.whl", hash = "sha256:d7ceb9b2fe700ee09a0c6b192c5ef03c56eb82a0514218d8ff700f6ade004108"},
    {file = "ruff-0.5.1-py3-none-musllinux_1_2_x86_64.whl", hash = "sha256:bac6288e82f6296f82ed5285f597713acb2a6ae26618ffc6b429c597b392535c"},
    {file = "ruff-0.5.1-py3-none-win32.whl", hash = "sha256:5c441d9c24ec09e1cb190a04535c5379b36b73c4bc20aa180c54812c27d1cca4"},
    {file = "ruff-0.5.1-py3-none-win_amd64.whl", hash = "sha256:b1789bf2cd3d1b5a7d38397cac1398ddf3ad7f73f4de01b1e913e2abc7dfc51d"},
    {file = "ruff-0.5.1-py3-none-win_arm64.whl", hash = "sha256:2875b7596a740cbbd492f32d24be73e545a4ce0a3daf51e4f4e609962bfd3cd2"},
    {file = "ruff-0.5.1.tar.gz", hash = "sha256:3164488aebd89b1745b47fd00604fb4358d774465f20d1fcd907f9c0fc1b0655"},
]

[[package]]
name = "scapy"
version = "2.5.0"
requires_python = ">=2.7, !=3.0.*, !=3.1.*, !=3.2.*, !=3.3.*, <4"
summary = "Scapy: interactive packet manipulation tool"
groups = ["default"]
files = [
    {file = "scapy-2.5.0.tar.gz", hash = "sha256:5b260c2b754fd8d409ba83ee7aee294ecdbb2c235f9f78fe90bc11cb6e5debc2"},
]

[[package]]
name = "shellingham"
version = "1.5.4"
requires_python = ">=3.7"
summary = "Tool to Detect Surrounding Shell"
groups = ["default"]
files = [
    {file = "shellingham-1.5.4-py2.py3-none-any.whl", hash = "sha256:7ecfff8f2fd72616f7481040475a65b2bf8af90a56c89140852d1120324e8686"},
    {file = "shellingham-1.5.4.tar.gz", hash = "sha256:8dbca0739d487e5bd35ab3ca4b36e11c4078f3a234bfce294b0a0291363404de"},
]

[[package]]
name = "typer"
version = "0.12.3"
requires_python = ">=3.7"
summary = "Typer, build great CLIs. Easy to code. Based on Python type hints."
groups = ["default"]
dependencies = [
    "click>=8.0.0",
    "rich>=10.11.0",
    "shellingham>=1.3.0",
    "typing-extensions>=3.7.4.3",
]
files = [
    {file = "typer-0.12.3-py3-none-any.whl", hash = "sha256:070d7ca53f785acbccba8e7d28b08dcd88f79f1fbda035ade0aecec71ca5c914"},
    {file = "typer-0.12.3.tar.gz", hash = "sha256:49e73131481d804288ef62598d97a1ceef3058905aa536a1134f90891ba35482"},
]

[[package]]
name = "typing-extensions"
version = "4.12.2"
requires_python = ">=3.8"
summary = "Backported and Experimental Type Hints for Python 3.8+"
groups = ["default"]
files = [
    {file = "typing_extensions-4.12.2-py3-none-any.whl", hash = "sha256:04e5ca0351e0f3f85c6853954072df659d0d13fac324d0072316b67d7794700d"},
    {file = "typing_extensions-4.12.2.tar.gz", hash = "sha256:1a7ead55c7e559dd4dee8856e3a88b41225abfe1ce8df57b7c13915fe121ffb8"},
]

[[package]]
name = "win32-setctime"
version = "1.1.0"
requires_python = ">=3.5"
summary = "A small Python utility to set file creation time on Windows"
groups = ["default"]
marker = "sys_platform == \"win32\""
files = [
    {file = "win32_setctime-1.1.0-py3-none-any.whl", hash = "sha256:231db239e959c2fe7eb1d7dc129f11172354f98361c4fa2d6d2d7e278baa8aad"},
    {file = "win32_setctime-1.1.0.tar.gz", hash = "sha256:15cf5750465118d6929ae4de4eb46e8edae9a5634350c01ba582df868e932cb2"},
]
